
Microsoft Visual Studio Solution File, Format Version 12.00
# Visual Studio Version 16
VisualStudioVersion = 16.0.29001.49
MinimumVisualStudioVersion = 10.0.40219.1
Project("{FAE04EC0-301F-11D3-BF4B-00C04F79EFBC}") = "movepicture", "movepicture\movepicture.csproj", "{EA2C631C-50DB-4F05-8D8E-91313BB65657}"
EndProject
Global
	GlobalSection(SolutionConfigurationPlatforms) = preSolution
		Debug|Any CPU = Debug|Any CPU
		Release|Any CPU = Release|Any CPU
	EndGlobalSection
	GlobalSection(ProjectConfigurationPlatforms) = postSolution
		{EA2C631C-50DB-4F05-8D8E-91313BB65657}.Debug|Any CPU.ActiveCfg = Debug|Any CPU
		{EA2C631C-50DB-4F05-8D8E-91313BB65657}.Debug|Any CPU.Build.0 = Debug|Any CPU
		{EA2C631C-50DB-4F05-8D8E-91313BB65657}.Release|Any CPU.ActiveCfg = Release|Any CPU
		{EA2C631C-50DB-4F05-8D8E-91313BB65657}.Release|Any CPU.Build.0 = Release|Any CPU
	EndGlobalSection
	GlobalSection(SolutionProperties) = preSolution
		HideSolutionNode = FALSE
	EndGlobalSection
	GlobalSection(ExtensibilityGlobals) = postSolution
		SolutionGuid = {CD5191CF-FF48-48D0-BFE0-4E5AFF7419C0}
	EndGlobalSection
EndGlobal
